Microsoft Visual Studio Solution File, Format Version 12.00
# Visual Studio Version 17
VisualStudioVersion = 17.5.2.0
MinimumVisualStudioVersion = 10.0.40219.1
Project("{FAE04EC0-301F-11D3-BF4B-00C04F79EFBC}") = "Gerenciador de Listas", "Gerenciador de Listas.csproj", "{A35859E7-F584-AE6D-B254-E2D7C35965E0}"
EndProject
Global
	GlobalSection(SolutionConfigurationPlatforms) = preSolution
		Debug|Any CPU = Debug|Any CPU
		Release|Any CPU = Release|Any CPU
	EndGlobalSection
	GlobalSection(ProjectConfigurationPlatforms) = postSolution
		{A35859E7-F584-AE6D-B254-E2D7C35965E0}.Debug|Any CPU.ActiveCfg = Debug|Any CPU
		{A35859E7-F584-AE6D-B254-E2D7C35965E0}.Debug|Any CPU.Build.0 = Debug|Any CPU
		{A35859E7-F584-AE6D-B254-E2D7C35965E0}.Release|Any CPU.ActiveCfg = Release|Any CPU
		{A35859E7-F584-AE6D-B254-E2D7C35965E0}.Release|Any CPU.Build.0 = Release|Any CPU
	EndGlobalSection
	GlobalSection(SolutionProperties) = preSolution
		HideSolutionNode = FALSE
	EndGlobalSection
	GlobalSection(ExtensibilityGlobals) = postSolution
		SolutionGuid = {57DE2677-9593-4AE8-B2AF-F8750B269F84}
	EndGlobalSection
EndGlobal
